
Microsoft Visual Studio Solution File, Format Version 12.00
# Visual Studio Version 16
VisualStudioVersion = 16.0.31515.178
MinimumVisualStudioVersion = 10.0.40219.1
Project("{FAE04EC0-301F-11D3-BF4B-00C04F79EFBC}") = "ds4_decrypt", "ds4_decrypt.csproj", "{63DFD7D2-9BD0-4D00-85BE-8FFDC041003B}"
EndProject
Global
	GlobalSection(SolutionConfigurationPlatforms) = preSolution
		Debug|Any CPU = Debug|Any CPU
		Release|Any CPU = Release|Any CPU
	EndGlobalSection
	GlobalSection(ProjectConfigurationPlatforms) = postSolution
		{63DFD7D2-9BD0-4D00-85BE-8FFDC041003B}.Debug|Any CPU.ActiveCfg = Debug|Any CPU
		{63DFD7D2-9BD0-4D00-85BE-8FFDC041003B}.Debug|Any CPU.Build.0 = Debug|Any CPU
		{63DFD7D2-9BD0-4D00-85BE-8FFDC041003B}.Release|Any CPU.ActiveCfg = Release|Any CPU
		{63DFD7D2-9BD0-4D00-85BE-8FFDC041003B}.Release|Any CPU.Build.0 = Release|Any CPU
	EndGlobalSection
	GlobalSection(SolutionProperties) = preSolution
		HideSolutionNode = FALSE
	EndGlobalSection
	GlobalSection(ExtensibilityGlobals) = postSolution
		SolutionGuid = {6E8C8C07-17C7-49E2-B15C-94B01FC1D7DC}
	EndGlobalSection
EndGlobal
